{
  "name": "work-blog-website",
  "lockfileVersion": 3,
  "requires": true,
  "packages": {
    "": {
      "devDependencies": {
        "@iconify/json": "^2.2.541"
      }
    },
    "node_modules/@iconify/json": {
      "version": "2.2.541",
      "resolved": "https://registry.npmjs.org/@iconify/json/-/json-2.2.541.tgz",
      "integrity": "sha512-s89hthisPkDuwrhPPvYdDKczNAvW7y3OI19L0NXdlVFzmoFi4uO02P8UvHT02hSrQ22ZmPLhInf5K+Knn9TPew==",
      "dev": true,
      "license": "MIT",
      "dependencies": {
        "@iconify/types": "*",
        "pathe": "^2.0.3"
      }
    },
    "node_modules/@iconify/types": {
      "version": "2.0.0",
      "resolved": "https://registry.npmjs.org/@iconify/types/-/types-2.0.0.tgz",
      "integrity": "sha512-+wluvCrRhXrhyOmRDJ3q8mux9JkKy5SJ/v8ol2tu4FVjyYvtEzkc/3pK15ET6RKg4b4w4BmTk1+gsCUhf21Ykg==",
      "dev": true,
      "license": "MIT"
    },
    "node_modules/pathe": {
      "version": "2.0.3",
      "resolved": "https://registry.npmjs.org/pathe/-/pathe-2.0.3.tgz",
      "integrity": "sha512-WUjGcAqP1gQacoQe+OBJsFA7Ld4DyXuUIjZ5cc75cLHvJ7dtNsTugphxIADwspS+AraAUePCKrSVtPLFj/F88w==",
      "dev": true,
      "license": "MIT"
    }
  }
}
